<?xml version="1.0" encoding="utf-8"?>
<Project ToolsVersion="4.0" xmlns="http://schemas.microsoft.com/developer/msbuild/2003">
  <ItemGroup>
    <Filter Include="源文件">
      <UniqueIdentifier>{4FC737F1-C7A5-4376-A066-2A32D752A2FF}</UniqueIdentifier>
      <Extensions>cpp;c;cc;cxx;c++;cppm;ixx;def;odl;idl;hpj;bat;asm;asmx</Extensions>
    </Filter>
    <Filter Include="头文件">
      <UniqueIdentifier>{93995380-89BD-4b04-88EB-625FBE52EBFB}</UniqueIdentifier>
      <Extensions>h;hh;hpp;hxx;h++;hm;inl;inc;ipp;xsd</Extensions>
    </Filter>
    <Filter Include="资源文件">
      <UniqueIdentifier>{67DA6AB6-F800-4c08-8B7A-83BB121AAD01}</UniqueIdentifier>
      <Extensions>rc;ico;cur;bmp;dlg;rc2;rct;bin;rgs;gif;jpg;jpeg;jpe;resx;tiff;tif;png;wav;mfcribbon-ms</Extensions>
    </Filter>
  </ItemGroup>
  <ItemGroup>
    <ClInclude Include="src\utils\EasyXHelper.h">
      <Filter>头文件</Filter>
    </ClInclude>
    <ClInclude Include="src\entities\GameObject.h">
      <Filter>头文件</Filter>
    </ClInclude>
    <ClInclude Include="src\game\GameManager.h">
      <Filter>头文件</Filter>
    </ClInclude>
    <ClInclude Include="src\entities\Plant\Plant.h">
      <Filter>头文件</Filter>
    </ClInclude>
    <ClInclude Include="src\entities\Plant\Peashooter.h">
      <Filter>头文件</Filter>
    </ClInclude>
    <ClInclude Include="src\entities\Plant\Sunflower.h">
      <Filter>头文件</Filter>
    </ClInclude>
    <ClInclude Include="src\entities\Plant\Chomper.h">
      <Filter>头文件</Filter>
    </ClInclude>
    <ClInclude Include="src\entities\Sunshine.h">
      <Filter>头文件</Filter>
    </ClInclude>
    <ClInclude Include="src\entities\Bullet\Bullet.h">
      <Filter>头文件</Filter>
    </ClInclude>
    <ClInclude Include="src\entities\Bullet\PeaBullet.h">
      <Filter>头文件</Filter>
    </ClInclude>
    <ClInclude Include="src\entities\Zombie\Zombie.h">
      <Filter>头文件</Filter>
    </ClInclude>
    <ClInclude Include="src\entities\Zombie\BasicZombie.h">
      <Filter>头文件</Filter>
    </ClInclude>
    <ClInclude Include="src\utils\AudioManager.h">
      <Filter>头文件</Filter>
    </ClInclude>
    <ClInclude Include="src\ui\Shovel.h">
      <Filter>头文件</Filter>
    </ClInclude>
    <ClInclude Include="src\ui\GameUI.h">
      <Filter>头文件</Filter>
    </ClInclude>
    <ClInclude Include="src\ui\StartMenu.h">
      <Filter>头文件</Filter>
    </ClInclude>
  </ItemGroup>
  <ItemGroup>
    <ClCompile Include="src\utils\EasyXHelper.cpp">
      <Filter>源文件</Filter>
    </ClCompile>
    <ClCompile Include="src\entities\GameObject.cpp">
      <Filter>源文件</Filter>
    </ClCompile>
    <ClCompile Include="src\game\GameManager.cpp">
      <Filter>源文件</Filter>
    </ClCompile>
    <ClCompile Include="src\entities\Plant\Plant.cpp">
      <Filter>源文件</Filter>
    </ClCompile>
    <ClCompile Include="src\entities\Plant\Peashooter.cpp">
      <Filter>源文件</Filter>
    </ClCompile>
    <ClCompile Include="src\entities\Plant\Sunflower.cpp">
      <Filter>源文件</Filter>
    </ClCompile>
    <ClCompile Include="src\entities\Plant\Chomper.cpp">
      <Filter>源文件</Filter>
    </ClCompile>
    <ClCompile Include="src\entities\Sunshine.cpp">
      <Filter>源文件</Filter>
    </ClCompile>
    <ClCompile Include="src\entities\Bullet\Bullet.cpp">
      <Filter>源文件</Filter>
    </ClCompile>
    <ClCompile Include="src\entities\Bullet\PeaBullet.cpp">
      <Filter>源文件</Filter>
    </ClCompile>
    <ClCompile Include="src\entities\Zombie\Zombie.cpp">
      <Filter>源文件</Filter>
    </ClCompile>
    <ClCompile Include="src\entities\Zombie\BasicZombie.cpp">
      <Filter>源文件</Filter>
    </ClCompile>
    <ClCompile Include="src\utils\AudioManager.cpp">
      <Filter>源文件</Filter>
    </ClCompile>
    <ClCompile Include="src\ui\Shovel.cpp">
      <Filter>源文件</Filter>
    </ClCompile>
    <ClCompile Include="src\ui\GameUI.cpp">
      <Filter>源文件</Filter>
    </ClCompile>
    <ClCompile Include="src\ui\StartMenu.cpp">
      <Filter>源文件</Filter>
    </ClCompile>
    <ClCompile Include="src\main.cpp">
      <Filter>源文件</Filter>
    </ClCompile>
  </ItemGroup>
</Project>